
Microsoft Visual Studio Solution File, Format Version 12.00
# Visual Studio Version 17
VisualStudioVersion = 17.5.33530.505
MinimumVisualStudioVersion = 10.0.40219.1
Project("{9A19103F-16F7-4668-BE54-9A1E7A4F7556}") = "AreaLib", "AreaLib\AreaLib.csproj", "{5642DD8B-00B1-4A1A-A6FA-B0EB01230B9B}"
EndProject
Project("{FAE04EC0-301F-11D3-BF4B-00C04F79EFBC}") = "AreaLibTests", "AreaLibTests\AreaLibTests.csproj", "{D39CA4C9-E2DB-40F3-B63C-F8F75C03BA77}"
EndProject
Global
	GlobalSection(SolutionConfigurationPlatforms) = preSolution
		Debug|Any CPU = Debug|Any CPU
		Release|Any CPU = Release|Any CPU
	EndGlobalSection
	GlobalSection(ProjectConfigurationPlatforms) = postSolution
		{5642DD8B-00B1-4A1A-A6FA-B0EB01230B9B}.Debug|Any CPU.ActiveCfg = Debug|Any CPU
		{5642DD8B-00B1-4A1A-A6FA-B0EB01230B9B}.Debug|Any CPU.Build.0 = Debug|Any CPU
		{5642DD8B-00B1-4A1A-A6FA-B0EB01230B9B}.Release|Any CPU.ActiveCfg = Release|Any CPU
		{5642DD8B-00B1-4A1A-A6FA-B0EB01230B9B}.Release|Any CPU.Build.0 = Release|Any CPU
		{D39CA4C9-E2DB-40F3-B63C-F8F75C03BA77}.Debug|Any CPU.ActiveCfg = Debug|Any CPU
		{D39CA4C9-E2DB-40F3-B63C-F8F75C03BA77}.Debug|Any CPU.Build.0 = Debug|Any CPU
		{D39CA4C9-E2DB-40F3-B63C-F8F75C03BA77}.Release|Any CPU.ActiveCfg = Release|Any CPU
		{D39CA4C9-E2DB-40F3-B63C-F8F75C03BA77}.Release|Any CPU.Build.0 = Release|Any CPU
	EndGlobalSection
	GlobalSection(SolutionProperties) = preSolution
		HideSolutionNode = FALSE
	EndGlobalSection
	GlobalSection(ExtensibilityGlobals) = postSolution
		SolutionGuid = {CBE91F33-4E55-463E-8697-B233E33F243B}
	EndGlobalSection
EndGlobal
